// !$*UTF8*$!
{
	archiveVersion = 1;
	classes = {
	};
	objectVersion = 77;
	objects = {

/* Begin PBXBuildFile section */
		134FDD757C7A6C7FC746EF94 /* Assets.xcassets in Resources */ = {isa = PBXBuildFile; fileRef = 1204A47B34D6B6201D2B3472 /* Assets.xcassets */; };
		19845D503271B60B97E779E1 /* ReCallApp.swift in Sources */ = {isa = PBXBuildFile; fileRef = 3D059ADF056549352B1B7CBD /* ReCallApp.swift */; };
		19DA60DE89EBB97D72068A99 /* ReminderListView.swift in Sources */ = {isa = PBXBuildFile; fileRef = 7CE1A2CBC8BECFA9D2824C3D /* ReminderListView.swift */; };
		20C542F9C614421E15C311CB /* Supabase.swift in Sources */ = {isa = PBXBuildFile; fileRef = 8881E4FF233B1140BB438265 /* Supabase.swift */; };
		314E7B183548412A85799A47 /* LocalImageStore.swift in Sources */ = {isa = PBXBuildFile; fileRef = 1227A5BF6167BDE5AF79D61E /* LocalImageStore.swift */; };
		401B52F4C4E0ADEFD9165408 /* RemindersHomeView.swift in Sources */ = {isa = PBXBuildFile; fileRef = F7D3C653B2C2181167022C93 /* RemindersHomeView.swift */; };
		45BBBDEA593671D0262699AB /* SmokeTests.swift in Sources */ = {isa = PBXBuildFile; fileRef = 575C1741D3B349AB4757A98D /* SmokeTests.swift */; };
		59B987F31C17F2B3DFDE783B /* NativeCaptureSheet.swift in Sources */ = {isa = PBXBuildFile; fileRef = F831CC628830EEFBD07CEA3E /* NativeCaptureSheet.swift */; };
		600F616D8C113B298E6F5C93 /* ReminderStore.swift in Sources */ = {isa = PBXBuildFile; fileRef = 47341608127B4B40EEB397EE /* ReminderStore.swift */; };
		72EEEEB4BFBE2AF116452E19 /* UpNextCardRow.swift in Sources */ = {isa = PBXBuildFile; fileRef = DC6A6C831697C41FCC47C310 /* UpNextCardRow.swift */; };
		74768025440D6C87D0DAE327 /* CalendarView.swift in Sources */ = {isa = PBXBuildFile; fileRef = 3F52EB2DF290C8A44E2E39BA /* CalendarView.swift */; };
		87FDA24FD39C8D62F93AA38F /* ItemListView.swift in Sources */ = {isa = PBXBuildFile; fileRef = D42D15EA148CAA8057D60280 /* ItemListView.swift */; };
		880849CE3C77576F22182A3D /* NotificationScheduler.swift in Sources */ = {isa = PBXBuildFile; fileRef = 76ECEE3848A4C169603E8391 /* NotificationScheduler.swift */; };
		8A6E477479BD7E2877F5B81F /* ContentView.swift in Sources */ = {isa = PBXBuildFile; fileRef = D85E54626A8DE911BCEC1324 /* ContentView.swift */; };
		9187046D9BD8BF7CB92CA2A5 /* Theme.swift in Sources */ = {isa = PBXBuildFile; fileRef = 54DDD25FE4FF705D153B2111 /* Theme.swift */; };
		927798DE47266B339B009DAC /* ICloudReminderCache.swift in Sources */ = {isa = PBXBuildFile; fileRef = 979BF6FDA9FEC2603F567F49 /* ICloudReminderCache.swift */; };
		9C60A0460D2A3CBFF21DE867 /* LocationProvider.swift in Sources */ = {isa = PBXBuildFile; fileRef = 3379E1EBD3E2B8311EB905DE /* LocationProvider.swift */; };
		B64BB1CBF9389567CA3C2F49 /* ReminderFormView.swift in Sources */ = {isa = PBXBuildFile; fileRef = 806A9FA6D6F37A46C8EAB527 /* ReminderFormView.swift */; };
		BD3B9E9889326AD887C9759F /* UpNextScrollTests.swift in Sources */ = {isa = PBXBuildFile; fileRef = 4545EA070657E131A806F1E8 /* UpNextScrollTests.swift */; };
		DA8547B1B0922F41A8C55FD5 /* ReminderRepository.swift in Sources */ = {isa = PBXBuildFile; fileRef = 50E3766D436B6955155E177E /* ReminderRepository.swift */; };
		DDD8F19783066FB9DDAE444D /* ActionsHomeView.swift in Sources */ = {isa = PBXBuildFile; fileRef = 0C34013F1610273B3C6A0EB9 /* ActionsHomeView.swift */; };
		EBA6D7111CC8C0556CE4AD1D /* ReminderGenerationProvider.swift in Sources */ = {isa = PBXBuildFile; fileRef = 6322EE5C8DCF754F307394E5 /* ReminderGenerationProvider.swift */; };
		ECE8863350AD504CF43308C3 /* Models.swift in Sources */ = {isa = PBXBuildFile; fileRef = 931E5F894F39FD8F30990C78 /* Models.swift */; };
		FE2E3847BF84533438A42369 /* MainTabView.swift in Sources */ = {isa = PBXBuildFile; fileRef = 52753B915A441BE6403234BC /* MainTabView.swift */; };
/* End PBXBuildFile section */

/* Begin PBXContainerItemProxy section */
		3C7B32609C47CB492CAADBFF /* PBXContainerItemProxy */ = {
			isa = PBXContainerItemProxy;
			containerPortal = B47C34EB153F026C8951D29A /* Project object */;
			proxyType = 1;
			remoteGlobalIDString = D8E0E697E99FA37C82A72A9B;
			remoteInfo = ReCall;
		};
/* End PBXContainerItemProxy section */

/* Begin PBXFileReference section */
		0C34013F1610273B3C6A0EB9 /* ActionsHomeView.swift */ = {isa = PBXFileReference; lastKnownFileType = sourcecode.swift; path = ActionsHomeView.swift; sourceTree = "<group>"; };
		1204A47B34D6B6201D2B3472 /* Assets.xcassets */ = {isa = PBXFileReference; lastKnownFileType = folder.assetcatalog; path = Assets.xcassets; sourceTree = "<group>"; };
		1227A5BF6167BDE5AF79D61E /* LocalImageStore.swift */ = {isa = PBXFileReference; lastKnownFileType = sourcecode.swift; path = LocalImageStore.swift; sourceTree = "<group>"; };
		3379E1EBD3E2B8311EB905DE /* LocationProvider.swift */ = {isa = PBXFileReference; lastKnownFileType = sourcecode.swift; path = LocationProvider.swift; sourceTree = "<group>"; };
		3D059ADF056549352B1B7CBD /* ReCallApp.swift */ = {isa = PBXFileReference; lastKnownFileType = sourcecode.swift; path = ReCallApp.swift; sourceTree = "<group>"; };
		3F52EB2DF290C8A44E2E39BA /* CalendarView.swift */ = {isa = PBXFileReference; lastKnownFileType = sourcecode.swift; path = CalendarView.swift; sourceTree = "<group>"; };
		4079AAC3EA2A59744AF1F729 /* ReCallUITests.xctest */ = {isa = PBXFileReference; includeInIndex = 0; lastKnownFileType = wrapper.cfbundle; path = ReCallUITests.xctest; sourceTree = BUILT_PRODUCTS_DIR; };
		4545EA070657E131A806F1E8 /* UpNextScrollTests.swift */ = {isa = PBXFileReference; lastKnownFileType = sourcecode.swift; path = UpNextScrollTests.swift; sourceTree = "<group>"; };
		47341608127B4B40EEB397EE /* ReminderStore.swift */ = {isa = PBXFileReference; lastKnownFileType = sourcecode.swift; path = ReminderStore.swift; sourceTree = "<group>"; };
		50E3766D436B6955155E177E /* ReminderRepository.swift */ = {isa = PBXFileReference; lastKnownFileType = sourcecode.swift; path = ReminderRepository.swift; sourceTree = "<group>"; };
		52753B915A441BE6403234BC /* MainTabView.swift */ = {isa = PBXFileReference; lastKnownFileType = sourcecode.swift; path = MainTabView.swift; sourceTree = "<group>"; };
		54DDD25FE4FF705D153B2111 /* Theme.swift */ = {isa = PBXFileReference; lastKnownFileType = sourcecode.swift; path = Theme.swift; sourceTree = "<group>"; };
		575C1741D3B349AB4757A98D /* SmokeTests.swift */ = {isa = PBXFileReference; lastKnownFileType = sourcecode.swift; path = SmokeTests.swift; sourceTree = "<group>"; };
		6322EE5C8DCF754F307394E5 /* ReminderGenerationProvider.swift */ = {isa = PBXFileReference; lastKnownFileType = sourcecode.swift; path = ReminderGenerationProvider.swift; sourceTree = "<group>"; };
		76ECEE3848A4C169603E8391 /* NotificationScheduler.swift */ = {isa = PBXFileReference; lastKnownFileType = sourcecode.swift; path = NotificationScheduler.swift; sourceTree = "<group>"; };
		7CE1A2CBC8BECFA9D2824C3D /* ReminderListView.swift */ = {isa = PBXFileReference; lastKnownFileType = sourcecode.swift; path = ReminderListView.swift; sourceTree = "<group>"; };
		806A9FA6D6F37A46C8EAB527 /* ReminderFormView.swift */ = {isa = PBXFileReference; lastKnownFileType = sourcecode.swift; path = ReminderFormView.swift; sourceTree = "<group>"; };
		8881E4FF233B1140BB438265 /* Supabase.swift */ = {isa = PBXFileReference; lastKnownFileType = sourcecode.swift; path = Supabase.swift; sourceTree = "<group>"; };
		931E5F894F39FD8F30990C78 /* Models.swift */ = {isa = PBXFileReference; lastKnownFileType = sourcecode.swift; path = Models.swift; sourceTree = "<group>"; };
		979BF6FDA9FEC2603F567F49 /* ICloudReminderCache.swift */ = {isa = PBXFileReference; lastKnownFileType = sourcecode.swift; path = ICloudReminderCache.swift; sourceTree = "<group>"; };
		C7116D79FD34A726158C3D32 /* ReCall.app */ = {isa = PBXFileReference; includeInIndex = 0; lastKnownFileType = wrapper.application; path = ReCall.app; sourceTree = BUILT_PRODUCTS_DIR; };
		D42D15EA148CAA8057D60280 /* ItemListView.swift */ = {isa = PBXFileReference; lastKnownFileType = sourcecode.swift; path = ItemListView.swift; sourceTree = "<group>"; };
		D85E54626A8DE911BCEC1324 /* ContentView.swift */ = {isa = PBXFileReference; lastKnownFileType = sourcecode.swift; path = ContentView.swift; sourceTree = "<group>"; };
		DC6A6C831697C41FCC47C310 /* UpNextCardRow.swift */ = {isa = PBXFileReference; lastKnownFileType = sourcecode.swift; path = UpNextCardRow.swift; sourceTree = "<group>"; };
		F7D3C653B2C2181167022C93 /* RemindersHomeView.swift */ = {isa = PBXFileReference; lastKnownFileType = sourcecode.swift; path = RemindersHomeView.swift; sourceTree = "<group>"; };
		F831CC628830EEFBD07CEA3E /* NativeCaptureSheet.swift */ = {isa = PBXFileReference; lastKnownFileType = sourcecode.swift; path = NativeCaptureSheet.swift; sourceTree = "<group>"; };
/* End PBXFileReference section */

/* Begin PBXGroup section */
		0028E5CF458CBA5B4FB16400 /* Products */ = {
			isa = PBXGroup;
			children = (
				C7116D79FD34A726158C3D32 /* ReCall.app */,
				4079AAC3EA2A59744AF1F729 /* ReCallUITests.xctest */,
			);
			name = Products;
			sourceTree = "<group>";
		};
		3E475665A79681B465B66A3A /* ReCall */ = {
			isa = PBXGroup;
			children = (
				E0A2A9715DDAA6CEE5DD6AB5 /* App */,
				D66B9F9B1E3F6DD0AE2632BF /* Resources */,
			);
			path = ReCall;
			sourceTree = "<group>";
		};
		61A368F3F418F44B2CFFFF23 = {
			isa = PBXGroup;
			children = (
				3E475665A79681B465B66A3A /* ReCall */,
				BE266225A248BDEA8CA596AC /* ReCallUITests */,
				0028E5CF458CBA5B4FB16400 /* Products */,
			);
			sourceTree = "<group>";
		};
		BE266225A248BDEA8CA596AC /* ReCallUITests */ = {
			isa = PBXGroup;
			children = (
				575C1741D3B349AB4757A98D /* SmokeTests.swift */,
				4545EA070657E131A806F1E8 /* UpNextScrollTests.swift */,
			);
			path = ReCallUITests;
			sourceTree = "<group>";
		};
		D66B9F9B1E3F6DD0AE2632BF /* Resources */ = {
			isa = PBXGroup;
			children = (
				1204A47B34D6B6201D2B3472 /* Assets.xcassets */,
			);
			path = Resources;
			sourceTree = "<group>";
		};
		E0A2A9715DDAA6CEE5DD6AB5 /* App */ = {
			isa = PBXGroup;
			children = (
				0C34013F1610273B3C6A0EB9 /* ActionsHomeView.swift */,
				3F52EB2DF290C8A44E2E39BA /* CalendarView.swift */,
				D85E54626A8DE911BCEC1324 /* ContentView.swift */,
				979BF6FDA9FEC2603F567F49 /* ICloudReminderCache.swift */,
				D42D15EA148CAA8057D60280 /* ItemListView.swift */,
				1227A5BF6167BDE5AF79D61E /* LocalImageStore.swift */,
				3379E1EBD3E2B8311EB905DE /* LocationProvider.swift */,
				52753B915A441BE6403234BC /* MainTabView.swift */,
				931E5F894F39FD8F30990C78 /* Models.swift */,
				F831CC628830EEFBD07CEA3E /* NativeCaptureSheet.swift */,
				76ECEE3848A4C169603E8391 /* NotificationScheduler.swift */,
				3D059ADF056549352B1B7CBD /* ReCallApp.swift */,
				806A9FA6D6F37A46C8EAB527 /* ReminderFormView.swift */,
				6322EE5C8DCF754F307394E5 /* ReminderGenerationProvider.swift */,
				7CE1A2CBC8BECFA9D2824C3D /* ReminderListView.swift */,
				50E3766D436B6955155E177E /* ReminderRepository.swift */,
				F7D3C653B2C2181167022C93 /* RemindersHomeView.swift */,
				47341608127B4B40EEB397EE /* ReminderStore.swift */,
				8881E4FF233B1140BB438265 /* Supabase.swift */,
				54DDD25FE4FF705D153B2111 /* Theme.swift */,
				DC6A6C831697C41FCC47C310 /* UpNextCardRow.swift */,
			);
			path = App;
			sourceTree = "<group>";
		};
/* End PBXGroup section */

/* Begin PBXNativeTarget section */
		1B3058E4AF76047BF72CA228 /* ReCallUITests */ = {
			isa = PBXNativeTarget;
			buildConfigurationList = F498DF00F8E8ACCF560CC169 /* Build configuration list for PBXNativeTarget "ReCallUITests" */;
			buildPhases = (
				FE00909DBFF23910D98AC407 /* Sources */,
			);
			buildRules = (
			);
			dependencies = (
				5B97CBAE8D28FB58F8A5E0CC /* PBXTargetDependency */,
			);
			name = ReCallUITests;
			packageProductDependencies = (
			);
			productName = ReCallUITests;
			productReference = 4079AAC3EA2A59744AF1F729 /* ReCallUITests.xctest */;
			productType = "com.apple.product-type.bundle.ui-testing";
		};
		D8E0E697E99FA37C82A72A9B /* ReCall */ = {
			isa = PBXNativeTarget;
			buildConfigurationList = C86A5BF57CC28404A1A90BED /* Build configuration list for PBXNativeTarget "ReCall" */;
			buildPhases = (
				367186F19813695432411EE8 /* Sources */,
				9C7934354432260F1BA5A66B /* Resources */,
			);
			buildRules = (
			);
			dependencies = (
			);
			name = ReCall;
			packageProductDependencies = (
			);
			productName = ReCall;
			productReference = C7116D79FD34A726158C3D32 /* ReCall.app */;
			productType = "com.apple.product-type.application";
		};
/* End PBXNativeTarget section */

/* Begin PBXProject section */
		B47C34EB153F026C8951D29A /* Project object */ = {
			isa = PBXProject;
			attributes = {
				BuildIndependentTargetsInParallel = YES;
				LastUpgradeCheck = 1430;
				TargetAttributes = {
					1B3058E4AF76047BF72CA228 = {
						DevelopmentTeam = 7FKUS5M5QS;
						ProvisioningStyle = Automatic;
						TestTargetID = D8E0E697E99FA37C82A72A9B;
					};
					D8E0E697E99FA37C82A72A9B = {
						DevelopmentTeam = 7FKUS5M5QS;
						ProvisioningStyle = Automatic;
					};
				};
			};
			buildConfigurationList = D303FB154D031C1ADD11B475 /* Build configuration list for PBXProject "ReCall" */;
			developmentRegion = en;
			hasScannedForEncodings = 0;
			knownRegions = (
				Base,
				en,
			);
			mainGroup = 61A368F3F418F44B2CFFFF23;
			minimizedProjectReferenceProxies = 1;
			preferredProjectObjectVersion = 77;
			productRefGroup = 0028E5CF458CBA5B4FB16400 /* Products */;
			projectDirPath = "";
			projectRoot = "";
			targets = (
				D8E0E697E99FA37C82A72A9B /* ReCall */,
				1B3058E4AF76047BF72CA228 /* ReCallUITests */,
			);
		};
/* End PBXProject section */

/* Begin PBXResourcesBuildPhase section */
		9C7934354432260F1BA5A66B /* Resources */ = {
			isa = PBXResourcesBuildPhase;
			buildActionMask = 2147483647;
			files = (
				134FDD757C7A6C7FC746EF94 /* Assets.xcassets in Resources */,
			);
			runOnlyForDeploymentPostprocessing = 0;
		};
/* End PBXResourcesBuildPhase section */

/* Begin PBXSourcesBuildPhase section */
		367186F19813695432411EE8 /* Sources */ = {
			isa = PBXSourcesBuildPhase;
			buildActionMask = 2147483647;
			files = (
				DDD8F19783066FB9DDAE444D /* ActionsHomeView.swift in Sources */,
				74768025440D6C87D0DAE327 /* CalendarView.swift in Sources */,
				8A6E477479BD7E2877F5B81F /* ContentView.swift in Sources */,
				927798DE47266B339B009DAC /* ICloudReminderCache.swift in Sources */,
				87FDA24FD39C8D62F93AA38F /* ItemListView.swift in Sources */,
				314E7B183548412A85799A47 /* LocalImageStore.swift in Sources */,
				9C60A0460D2A3CBFF21DE867 /* LocationProvider.swift in Sources */,
				FE2E3847BF84533438A42369 /* MainTabView.swift in Sources */,
				ECE8863350AD504CF43308C3 /* Models.swift in Sources */,
				59B987F31C17F2B3DFDE783B /* NativeCaptureSheet.swift in Sources */,
				880849CE3C77576F22182A3D /* NotificationScheduler.swift in Sources */,
				19845D503271B60B97E779E1 /* ReCallApp.swift in Sources */,
				B64BB1CBF9389567CA3C2F49 /* ReminderFormView.swift in Sources */,
				EBA6D7111CC8C0556CE4AD1D /* ReminderGenerationProvider.swift in Sources */,
				19DA60DE89EBB97D72068A99 /* ReminderListView.swift in Sources */,
				DA8547B1B0922F41A8C55FD5 /* ReminderRepository.swift in Sources */,
				600F616D8C113B298E6F5C93 /* ReminderStore.swift in Sources */,
				401B52F4C4E0ADEFD9165408 /* RemindersHomeView.swift in Sources */,
				20C542F9C614421E15C311CB /* Supabase.swift in Sources */,
				9187046D9BD8BF7CB92CA2A5 /* Theme.swift in Sources */,
				72EEEEB4BFBE2AF116452E19 /* UpNextCardRow.swift in Sources */,
			);
			runOnlyForDeploymentPostprocessing = 0;
		};
		FE00909DBFF23910D98AC407 /* Sources */ = {
			isa = PBXSourcesBuildPhase;
			buildActionMask = 2147483647;
			files = (
				45BBBDEA593671D0262699AB /* SmokeTests.swift in Sources */,
				BD3B9E9889326AD887C9759F /* UpNextScrollTests.swift in Sources */,
			);
			runOnlyForDeploymentPostprocessing = 0;
		};
/* End PBXSourcesBuildPhase section */

/* Begin PBXTargetDependency section */
		5B97CBAE8D28FB58F8A5E0CC /* PBXTargetDependency */ = {
			isa = PBXTargetDependency;
			target = D8E0E697E99FA37C82A72A9B /* ReCall */;
			targetProxy = 3C7B32609C47CB492CAADBFF /* PBXContainerItemProxy */;
		};
/* End PBXTargetDependency section */

/* Begin XCBuildConfiguration section */
		150EEECDA8FBE1B4716ACA07 /* Debug */ = {
			isa = XCBuildConfiguration;
			buildSettings = {
				ASSETCATALOG_COMPILER_APPICON_NAME = AppIcon;
				ASSETCATALOG_COMPILER_GLOBAL_ACCENT_COLOR_NAME = AccentColor;
				CODE_SIGN_ENTITLEMENTS = ReCall/ReCall.entitlements;
				CODE_SIGN_IDENTITY = "iPhone Developer";
				ENABLE_DEBUG_DYLIB = NO;
				GENERATE_INFOPLIST_FILE = YES;
				INFOPLIST_KEY_CFBundleDisplayName = "Notorious Recall";
				INFOPLIST_KEY_NSLocationWhenInUseUsageDescription = "Re_Call uses your location to tag a reminder with where it matters.";
				INFOPLIST_KEY_NSMicrophoneUsageDescription = "Capture quick voice memos for in-the-moment Recall reminders.";
				INFOPLIST_KEY_NSPhotoLibraryUsageDescription = "Re_Call attaches photos you choose to your reminders.";
				INFOPLIST_KEY_UILaunchScreen_Generation = YES;
				INFOPLIST_KEY_UIStatusBarStyle = UIStatusBarStyleLightContent;
				INFOPLIST_KEY_UISupportedInterfaceOrientations = UIInterfaceOrientationPortrait;
				INFOPLIST_KEY_UIUserInterfaceStyle = Dark;
				LD_RUNPATH_SEARCH_PATHS = (
					"$(inherited)",
					"@executable_path/Frameworks",
				);
				PRODUCT_BUNDLE_IDENTIFIER = app.understood.recall;
				SDKROOT = iphoneos;
				TARGETED_DEVICE_FAMILY = "1,2";
			};
			name = Debug;
		};
		32BDB198A3B480287CAB37BD /* Release */ = {
			isa = XCBuildConfiguration;
			buildSettings = {
				ALWAYS_SEARCH_USER_PATHS = NO;
				CLANG_ANALYZER_NONNULL = YES;
				CLANG_ANALYZER_NUMBER_OBJECT_CONVERSION = YES_AGGRESSIVE;
				CLANG_CXX_LANGUAGE_STANDARD = "gnu++14";
				CLANG_CXX_LIBRARY = "libc++";
				CLANG_ENABLE_MODULES = YES;
				CLANG_ENABLE_OBJC_ARC = YES;
				CLANG_ENABLE_OBJC_WEAK = YES;
				CLANG_WARN_BLOCK_CAPTURE_AUTORELEASING = YES;
				CLANG_WARN_BOOL_CONVERSION = YES;
				CLANG_WARN_COMMA = YES;
				CLANG_WARN_CONSTANT_CONVERSION = YES;
				CLANG_WARN_DEPRECATED_OBJC_IMPLEMENTATIONS = YES;
				CLANG_WARN_DIRECT_OBJC_ISA_USAGE = YES_ERROR;
				CLANG_WARN_DOCUMENTATION_COMMENTS = YES;
				CLANG_WARN_EMPTY_BODY = YES;
				CLANG_WARN_ENUM_CONVERSION = YES;
				CLANG_WARN_INFINITE_RECURSION = YES;
				CLANG_WARN_INT_CONVERSION = YES;
				CLANG_WARN_NON_LITERAL_NULL_CONVERSION = YES;
				CLANG_WARN_OBJC_IMPLICIT_RETAIN_SELF = YES;
				CLANG_WARN_OBJC_LITERAL_CONVERSION = YES;
				CLANG_WARN_OBJC_ROOT_CLASS = YES_ERROR;
				CLANG_WARN_QUOTED_INCLUDE_IN_FRAMEWORK_HEADER = YES;
				CLANG_WARN_RANGE_LOOP_ANALYSIS = YES;
				CLANG_WARN_STRICT_PROTOTYPES = YES;
				CLANG_WARN_SUSPICIOUS_MOVE = YES;
				CLANG_WARN_UNGUARDED_AVAILABILITY = YES_AGGRESSIVE;
				CLANG_WARN_UNREACHABLE_CODE = YES;
				CLANG_WARN__DUPLICATE_METHOD_MATCH = YES;
				CODE_SIGN_IDENTITY = "Apple Development";
				CODE_SIGN_STYLE = Automatic;
				COPY_PHASE_STRIP = NO;
				DEBUG_INFORMATION_FORMAT = "dwarf-with-dsym";
				DEVELOPMENT_TEAM = 7FKUS5M5QS;
				ENABLE_NS_ASSERTIONS = NO;
				ENABLE_STRICT_OBJC_MSGSEND = YES;
				GCC_C_LANGUAGE_STANDARD = gnu11;
				GCC_NO_COMMON_BLOCKS = YES;
				GCC_WARN_64_TO_32_BIT_CONVERSION = YES;
				GCC_WARN_ABOUT_RETURN_TYPE = YES_ERROR;
				GCC_WARN_UNDECLARED_SELECTOR = YES;
				GCC_WARN_UNINITIALIZED_AUTOS = YES_AGGRESSIVE;
				GCC_WARN_UNUSED_FUNCTION = YES;
				GCC_WARN_UNUSED_VARIABLE = YES;
				IPHONEOS_DEPLOYMENT_TARGET = 17.0;
				MTL_ENABLE_DEBUG_INFO = NO;
				MTL_FAST_MATH = YES;
				PRODUCT_NAME = "$(TARGET_NAME)";
				SDKROOT = iphoneos;
				SWIFT_COMPILATION_MODE = wholemodule;
				SWIFT_OPTIMIZATION_LEVEL = "-O";
				SWIFT_VERSION = 5.0;
			};
			name = Release;
		};
		685471A37B3C57E1808B47B3 /* Debug */ = {
			isa = XCBuildConfiguration;
			buildSettings = {
				ALWAYS_SEARCH_USER_PATHS = NO;
				CLANG_ANALYZER_NONNULL = YES;
				CLANG_ANALYZER_NUMBER_OBJECT_CONVERSION = YES_AGGRESSIVE;
				CLANG_CXX_LANGUAGE_STANDARD = "gnu++14";
				CLANG_CXX_LIBRARY = "libc++";
				CLANG_ENABLE_MODULES = YES;
				CLANG_ENABLE_OBJC_ARC = YES;
				CLANG_ENABLE_OBJC_WEAK = YES;
				CLANG_WARN_BLOCK_CAPTURE_AUTORELEASING = YES;
				CLANG_WARN_BOOL_CONVERSION = YES;
				CLANG_WARN_COMMA = YES;
				CLANG_WARN_CONSTANT_CONVERSION = YES;
				CLANG_WARN_DEPRECATED_OBJC_IMPLEMENTATIONS = YES;
				CLANG_WARN_DIRECT_OBJC_ISA_USAGE = YES_ERROR;
				CLANG_WARN_DOCUMENTATION_COMMENTS = YES;
				CLANG_WARN_EMPTY_BODY = YES;
				CLANG_WARN_ENUM_CONVERSION = YES;
				CLANG_WARN_INFINITE_RECURSION = YES;
				CLANG_WARN_INT_CONVERSION = YES;
				CLANG_WARN_NON_LITERAL_NULL_CONVERSION = YES;
				CLANG_WARN_OBJC_IMPLICIT_RETAIN_SELF = YES;
				CLANG_WARN_OBJC_LITERAL_CONVERSION = YES;
				CLANG_WARN_OBJC_ROOT_CLASS = YES_ERROR;
				CLANG_WARN_QUOTED_INCLUDE_IN_FRAMEWORK_HEADER = YES;
				CLANG_WARN_RANGE_LOOP_ANALYSIS = YES;
				CLANG_WARN_STRICT_PROTOTYPES = YES;
				CLANG_WARN_SUSPICIOUS_MOVE = YES;
				CLANG_WARN_UNGUARDED_AVAILABILITY = YES_AGGRESSIVE;
				CLANG_WARN_UNREACHABLE_CODE = YES;
				CLANG_WARN__DUPLICATE_METHOD_MATCH = YES;
				CODE_SIGN_IDENTITY = "Apple Development";
				CODE_SIGN_STYLE = Automatic;
				COPY_PHASE_STRIP = NO;
				DEBUG_INFORMATION_FORMAT = dwarf;
				DEVELOPMENT_TEAM = 7FKUS5M5QS;
				ENABLE_STRICT_OBJC_MSGSEND = YES;
				ENABLE_TESTABILITY = YES;
				GCC_C_LANGUAGE_STANDARD = gnu11;
				GCC_DYNAMIC_NO_PIC = NO;
				GCC_NO_COMMON_BLOCKS = YES;
				GCC_OPTIMIZATION_LEVEL = 0;
				GCC_PREPROCESSOR_DEFINITIONS = (
					"$(inherited)",
					"DEBUG=1",
				);
				GCC_WARN_64_TO_32_BIT_CONVERSION = YES;
				GCC_WARN_ABOUT_RETURN_TYPE = YES_ERROR;
				GCC_WARN_UNDECLARED_SELECTOR = YES;
				GCC_WARN_UNINITIALIZED_AUTOS = YES_AGGRESSIVE;
				GCC_WARN_UNUSED_FUNCTION = YES;
				GCC_WARN_UNUSED_VARIABLE = YES;
				IPHONEOS_DEPLOYMENT_TARGET = 17.0;
				MTL_ENABLE_DEBUG_INFO = INCLUDE_SOURCE;
				MTL_FAST_MATH = YES;
				ONLY_ACTIVE_ARCH = YES;
				PRODUCT_NAME = "$(TARGET_NAME)";
				SDKROOT = iphoneos;
				SWIFT_ACTIVE_COMPILATION_CONDITIONS = DEBUG;
				SWIFT_OPTIMIZATION_LEVEL = "-Onone";
				SWIFT_VERSION = 5.0;
			};
			name = Debug;
		};
		9B981AE8BFB6AB61A131511D /* Debug */ = {
			isa = XCBuildConfiguration;
			buildSettings = {
				BUNDLE_LOADER = "$(TEST_HOST)";
				GENERATE_INFOPLIST_FILE = YES;
				LD_RUNPATH_SEARCH_PATHS = (
					"$(inherited)",
					"@executable_path/Frameworks",
					"@loader_path/Frameworks",
				);
				PRODUCT_BUNDLE_IDENTIFIER = app.understood.recall.uitests;
				SDKROOT = iphoneos;
				TARGETED_DEVICE_FAMILY = "1,2";
				TEST_TARGET_NAME = ReCall;
			};
			name = Debug;
		};
		ACFAE5761E94CB57F92BF8DF /* Release */ = {
			isa = XCBuildConfiguration;
			buildSettings = {
				ASSETCATALOG_COMPILER_APPICON_NAME = AppIcon;
				ASSETCATALOG_COMPILER_GLOBAL_ACCENT_COLOR_NAME = AccentColor;
				CODE_SIGN_ENTITLEMENTS = ReCall/ReCall.entitlements;
				CODE_SIGN_IDENTITY = "iPhone Developer";
				ENABLE_DEBUG_DYLIB = NO;
				GENERATE_INFOPLIST_FILE = YES;
				INFOPLIST_KEY_CFBundleDisplayName = "Notorious Recall";
				INFOPLIST_KEY_NSLocationWhenInUseUsageDescription = "Re_Call uses your location to tag a reminder with where it matters.";
				INFOPLIST_KEY_NSMicrophoneUsageDescription = "Capture quick voice memos for in-the-moment Recall reminders.";
				INFOPLIST_KEY_NSPhotoLibraryUsageDescription = "Re_Call attaches photos you choose to your reminders.";
				INFOPLIST_KEY_UILaunchScreen_Generation = YES;
				INFOPLIST_KEY_UIStatusBarStyle = UIStatusBarStyleLightContent;
				INFOPLIST_KEY_UISupportedInterfaceOrientations = UIInterfaceOrientationPortrait;
				INFOPLIST_KEY_UIUserInterfaceStyle = Dark;
				LD_RUNPATH_SEARCH_PATHS = (
					"$(inherited)",
					"@executable_path/Frameworks",
				);
				PRODUCT_BUNDLE_IDENTIFIER = app.understood.recall;
				SDKROOT = iphoneos;
				TARGETED_DEVICE_FAMILY = "1,2";
			};
			name = Release;
		};
		FEC661D45C72F1B4C1E41215 /* Release */ = {
			isa = XCBuildConfiguration;
			buildSettings = {
				BUNDLE_LOADER = "$(TEST_HOST)";
				GENERATE_INFOPLIST_FILE = YES;
				LD_RUNPATH_SEARCH_PATHS = (
					"$(inherited)",
					"@executable_path/Frameworks",
					"@loader_path/Frameworks",
				);
				PRODUCT_BUNDLE_IDENTIFIER = app.understood.recall.uitests;
				SDKROOT = iphoneos;
				TARGETED_DEVICE_FAMILY = "1,2";
				TEST_TARGET_NAME = ReCall;
			};
			name = Release;
		};
/* End XCBuildConfiguration section */

/* Begin XCConfigurationList section */
		C86A5BF57CC28404A1A90BED /* Build configuration list for PBXNativeTarget "ReCall" */ = {
			isa = XCConfigurationList;
			buildConfigurations = (
				150EEECDA8FBE1B4716ACA07 /* Debug */,
				ACFAE5761E94CB57F92BF8DF /* Release */,
			);
			defaultConfigurationIsVisible = 0;
			defaultConfigurationName = Debug;
		};
		D303FB154D031C1ADD11B475 /* Build configuration list for PBXProject "ReCall" */ = {
			isa = XCConfigurationList;
			buildConfigurations = (
				685471A37B3C57E1808B47B3 /* Debug */,
				32BDB198A3B480287CAB37BD /* Release */,
			);
			defaultConfigurationIsVisible = 0;
			defaultConfigurationName = Debug;
		};
		F498DF00F8E8ACCF560CC169 /* Build configuration list for PBXNativeTarget "ReCallUITests" */ = {
			isa = XCConfigurationList;
			buildConfigurations = (
				9B981AE8BFB6AB61A131511D /* Debug */,
				FEC661D45C72F1B4C1E41215 /* Release */,
			);
			defaultConfigurationIsVisible = 0;
			defaultConfigurationName = Debug;
		};
/* End XCConfigurationList section */
	};
	rootObject = B47C34EB153F026C8951D29A /* Project object */;
}
